
Microsoft Visual Studio Solution File, Format Version 12.00
# Visual Studio Version 16
VisualStudioVersion = 16.0.31424.327
MinimumVisualStudioVersion = 10.0.40219.1
Project("{FAE04EC0-301F-11D3-BF4B-00C04F79EFBC}") = "PlaylistEditor", "PlaylistEditor\PlaylistEditor.csproj", "{66FEDBA0-FC52-45EB-B5C2-A0AEFF94223B}"
EndProject
Global
	GlobalSection(SolutionConfigurationPlatforms) = preSolution
		Debug|Any CPU = Debug|Any CPU
		Release|Any CPU = Release|Any CPU
	EndGlobalSection
	GlobalSection(ProjectConfigurationPlatforms) = postSolution
		{66FEDBA0-FC52-45EB-B5C2-A0AEFF94223B}.Debug|Any CPU.ActiveCfg = Debug|Any CPU
		{66FEDBA0-FC52-45EB-B5C2-A0AEFF94223B}.Debug|Any CPU.Build.0 = Debug|Any CPU
		{66FEDBA0-FC52-45EB-B5C2-A0AEFF94223B}.Release|Any CPU.ActiveCfg = Release|Any CPU
		{66FEDBA0-FC52-45EB-B5C2-A0AEFF94223B}.Release|Any CPU.Build.0 = Release|Any CPU
	EndGlobalSection
	GlobalSection(SolutionProperties) = preSolution
		HideSolutionNode = FALSE
	EndGlobalSection
	GlobalSection(ExtensibilityGlobals) = postSolution
		SolutionGuid = {7DFFEDE6-0413-4E54-82C5-43DB3D80BE0E}
	EndGlobalSection
EndGlobal
